
Microsoft Visual Studio Solution File, Format Version 12.00
# Visual Studio Version 16
VisualStudioVersion = 16.0.29411.108
MinimumVisualStudioVersion = 10.0.40219.1
Project("{FAE04EC0-301F-11D3-BF4B-00C04F79EFBC}") = "Projektni_zadatak", "Projektni_zadatak.csproj", "{E7847E4D-5BBC-4014-91C8-DEF935F67C32}"
EndProject
Global
	GlobalSection(SolutionConfigurationPlatforms) = preSolution
		Debug|Any CPU = Debug|Any CPU
		Release|Any CPU = Release|Any CPU
	EndGlobalSection
	GlobalSection(ProjectConfigurationPlatforms) = postSolution
		{E7847E4D-5BBC-4014-91C8-DEF935F67C32}.Debug|Any CPU.ActiveCfg = Debug|Any CPU
		{E7847E4D-5BBC-4014-91C8-DEF935F67C32}.Debug|Any CPU.Build.0 = Debug|Any CPU
		{E7847E4D-5BBC-4014-91C8-DEF935F67C32}.Release|Any CPU.ActiveCfg = Release|Any CPU
		{E7847E4D-5BBC-4014-91C8-DEF935F67C32}.Release|Any CPU.Build.0 = Release|Any CPU
	EndGlobalSection
	GlobalSection(SolutionProperties) = preSolution
		HideSolutionNode = FALSE
	EndGlobalSection
	GlobalSection(ExtensibilityGlobals) = postSolution
		SolutionGuid = {E324B33C-1835-46B8-BB4D-C525607DC418}
	EndGlobalSection
EndGlobal
